
Microsoft Visual Studio Solution File, Format Version 12.00
# Visual Studio Version 17
VisualStudioVersion = 17.2.32519.379
MinimumVisualStudioVersion = 10.0.40219.1
Project("{FAE04EC0-301F-11D3-BF4B-00C04F79EFBC}") = "Test", "Test\Test.csproj", "{2E009192-FE58-46D9-86D2-AE1F2C07A494}"
EndProject
Global
	GlobalSection(SolutionConfigurationPlatforms) = preSolution
		Debug|Any CPU = Debug|Any CPU
		Release|Any CPU = Release|Any CPU
	EndGlobalSection
	GlobalSection(ProjectConfigurationPlatforms) = postSolution
		{2E009192-FE58-46D9-86D2-AE1F2C07A494}.Debug|Any CPU.ActiveCfg = Debug|Any CPU
		{2E009192-FE58-46D9-86D2-AE1F2C07A494}.Debug|Any CPU.Build.0 = Debug|Any CPU
		{2E009192-FE58-46D9-86D2-AE1F2C07A494}.Release|Any CPU.ActiveCfg = Release|Any CPU
		{2E009192-FE58-46D9-86D2-AE1F2C07A494}.Release|Any CPU.Build.0 = Release|Any CPU
	EndGlobalSection
	GlobalSection(SolutionProperties) = preSolution
		HideSolutionNode = FALSE
	EndGlobalSection
	GlobalSection(ExtensibilityGlobals) = postSolution
		SolutionGuid = {84A5B817-FC69-4D49-91A1-229F08A6EB39}
	EndGlobalSection
EndGlobal
